[[package]]
name = "maturin"
version = "0.12.19"
description = "Build and publish crates with pyo3, rust-cpython and cffi bindings as well as rust binaries as python packages"
category = "main"
optional = false
python-versions = ">=3.6"

[package.dependencies]
tomli = {version = ">=1.1.0", markers = "python_version < \"3.11\""}

[package.extras]
patchelf = ["patchelf"]
zig = ["ziglang (>=0.9.0,<0.10.0)"]

[[package]]
name = "tomli"
version = "2.0.1"
description = "A lil' TOML parser"
category = "main"
optional = false
python-versions = ">=3.7"

[metadata]
lock-version = "1.1"
python-versions = "^3.8"
content-hash = "89162b79b3fde4e431b76683a465c9f1f330faf3099ab7bdbe140c65056347d2"

[metadata.files]
maturin = [
    {file = "maturin-0.12.19-py3-none-macosx_10_7_x86_64.whl", hash = "sha256:bba8dd149169d273f30e47f8f914ff4d4d65d273d2d5a5f9154811e98043fa26"},
    {file = "maturin-0.12.19-py3-none-macosx_10_9_x86_64.macosx_11_0_arm64.macosx_10_9_universal2.whl", hash = "sha256:3e027e79eccdb369591c31f4d77cd8bae64a70207937b9e555b4a6df3d7680d5"},
    {file = "maturin-0.12.19-py3-none-manylinux_2_12_i686.manylinux2010_i686.musllinux_1_1_i686.whl", hash = "sha256:d5bef961974fee3704316a80c1b3908016311095c21d9870120d97a5918cf12b"},
    {file = "maturin-0.12.19-py3-none-manylinux_2_12_x86_64.manylinux2010_x86_64.musllinux_1_1_x86_64.whl", hash = "sha256:2f4bf636279bf1be78a890590f101938e7e725da0119787c58b6cf62e87fd3fc"},
    {file = "maturin-0.12.19-py3-none-manylinux_2_17_aarch64.manylinux2014_aarch64.musllinux_1_1_aarch64.whl", hash = "sha256:475d095b4353862b5df8bf7e6d467c6d07d55874dbdde3f0cd933d04413d77b6"},
    {file = "maturin-0.12.19-py3-none-manylinux_2_17_armv7l.manylinux2014_armv7l.musllinux_1_1_armv7l.whl", hash = "sha256:0a0634e5f2570a78f65295058addc8f3e7f115b0502acd0d26b506a68d82ee94"},
    {file = "maturin-0.12.19-py3-none-manylinux_2_17_ppc64le.manylinux2014_ppc64le.musllinux_1_1_ppc64le.whl", hash = "sha256:d7d69443a3bc99a8e96cbc51027de8cbda969c7dff3a610fbdc831e9b6b2cba4"},
    {file = "maturin-0.12.19-py3-none-manylinux_2_17_s390x.manylinux2014_s390x.whl", hash = "sha256:be5482bd73483adc92a91724f83fd2019ee9dc92a541173bcd1092493f09049c"},
    {file = "maturin-0.12.19-py3-none-win32.whl", hash = "sha256:f0ba7c976cd6d083d01d44ee93a78fb6d5aafa94c5f651608b5db1a6777019bc"},
    {file = "maturin-0.12.19-py3-none-win_amd64.whl", hash = "sha256:6807f54893cbf8e56a356c511dbee6b0da55ceb31c356f0f9b45eb58ee4f764b"},
    {file = "maturin-0.12.19-py3-none-win_arm64.whl", hash = "sha256:76f0c7f33ead08cb60fbeb5f902c8fb77ec5176eb04d3c88ace37413c1c5ed67"},
    {file = "maturin-0.12.19.tar.gz", hash = "sha256:3d6265b547d8260f217f9257308855eed076ac580ef317f3d41900ed38f33e67"},
]
tomli = [
    {file = "tomli-2.0.1-py3-none-any.whl", hash = "sha256:939de3e7a6161af0c887ef91b7d41a53e7c5a1ca976325f429cb46ea9bc30ecc"},
    {file = "tomli-2.0.1.tar.gz", hash = "sha256:de526c12914f0c550d15924c62d72abc48d6fe7364aa87328337a31007fe8a4f"},
]
